# THIS IS AN AUTOGENERATED FILE. DO NOT EDIT THIS FILE DIRECTLY.
# yarn lockfile v1


"@types/node@^10.5.2":
  version "10.7.1"
  resolved "http://registry.npm.taobao.org/@types/node/download/@types/node-10.7.1.tgz#b704d7c259aa40ee052eec678758a68d07132a2e"

"js-tokens@^3.0.0 || ^4.0.0":
  version "4.0.0"
  resolved "http://registry.npm.taobao.org/js-tokens/download/js-tokens-4.0.0.tgz#19203fb59991df98e3a287050d4647cdeaf32499"

lodash-es@^4.2.1:
  version "4.17.10"
  resolved "http://registry.npm.taobao.org/lodash-es/download/lodash-es-4.17.10.tgz#62cd7104cdf5dd87f235a837f0ede0e8e5117e05"

lodash@^4.2.1:
  version "4.17.10"
  resolved "http://registry.npm.taobao.org/lodash/download/lodash-4.17.10.tgz#1b7793cf7259ea38fb3661d4d38b3260af8ae4e7"

loose-envify@^1.1.0:
  version "1.4.0"
  resolved "http://registry.npm.taobao.org/loose-envify/download/loose-envify-1.4.0.tgz#71ee51fa7be4caec1a63839f7e682d8132d30caf"
  dependencies:
    js-tokens "^3.0.0 || ^4.0.0"

redux-undo@^0.6.1:
  version "0.6.1"
  resolved "http://registry.npm.taobao.org/redux-undo/download/redux-undo-0.6.1.tgz#ff407749b8f468bead636e413819e92c0982eeca"
  dependencies:
    redux "^3.0.2"

redux@^3.0.2:
  version "3.7.2"
  resolved "http://registry.npm.taobao.org/redux/download/redux-3.7.2.tgz#06b73123215901d25d065be342eb026bc1c8537b"
  dependencies:
    lodash "^4.2.1"
    lodash-es "^4.2.1"
    loose-envify "^1.1.0"
    symbol-observable "^1.0.3"

symbol-observable@^1.0.3:
  version "1.2.0"
  resolved "http://registry.npm.taobao.org/symbol-observable/download/symbol-observable-1.2.0.tgz#c22688aed4eab3cdc2dfeacbb561660560a00804"

wolfy87-eventemitter@^5.2.5:
  version "5.2.5"
  resolved "http://registry.npm.taobao.org/wolfy87-eventemitter/download/wolfy87-eventemitter-5.2.5.tgz#e7af2adbb84e481c65edeb2a2e01032c8ff1b88f"
